
Microsoft Visual Studio Solution File, Format Version 12.00
# Visual Studio Version 16
VisualStudioVersion = 16.0.31019.35
MinimumVisualStudioVersion = 10.0.40219.1
Project("{FAE04EC0-301F-11D3-BF4B-00C04F79EFBC}") = "BackEnd", "BackEnd\BackEnd.csproj", "{51A4DA2D-F48C-48BF-B592-6D057FE092EF}"
EndProject
Project("{FAE04EC0-301F-11D3-BF4B-00C04F79EFBC}") = "FrontEnd", "FrontEnd\FrontEnd.csproj", "{C05F6786-39F4-4286-8EEA-107EB472FA05}"
EndProject
Global
	GlobalSection(SolutionConfigurationPlatforms) = preSolution
		Debug|Any CPU = Debug|Any CPU
		Release|Any CPU = Release|Any CPU
	EndGlobalSection
	GlobalSection(ProjectConfigurationPlatforms) = postSolution
		{51A4DA2D-F48C-48BF-B592-6D057FE092EF}.Debug|Any CPU.ActiveCfg = Debug|Any CPU
		{51A4DA2D-F48C-48BF-B592-6D057FE092EF}.Debug|Any CPU.Build.0 = Debug|Any CPU
		{51A4DA2D-F48C-48BF-B592-6D057FE092EF}.Release|Any CPU.ActiveCfg = Release|Any CPU
		{51A4DA2D-F48C-48BF-B592-6D057FE092EF}.Release|Any CPU.Build.0 = Release|Any CPU
		{C05F6786-39F4-4286-8EEA-107EB472FA05}.Debug|Any CPU.ActiveCfg = Debug|Any CPU
		{C05F6786-39F4-4286-8EEA-107EB472FA05}.Debug|Any CPU.Build.0 = Debug|Any CPU
		{C05F6786-39F4-4286-8EEA-107EB472FA05}.Release|Any CPU.ActiveCfg = Release|Any CPU
		{C05F6786-39F4-4286-8EEA-107EB472FA05}.Release|Any CPU.Build.0 = Release|Any CPU
	EndGlobalSection
	GlobalSection(SolutionProperties) = preSolution
		HideSolutionNode = FALSE
	EndGlobalSection
	GlobalSection(ExtensibilityGlobals) = postSolution
		SolutionGuid = {593B0616-3781-4CC4-A44D-27BDC934508B}
	EndGlobalSection
EndGlobal
